
Microsoft Visual Studio Solution File, Format Version 12.00
Project("{FAE04EC0-301F-11D3-BF4B-00C04F79EFBC}") = "EzDbEf", "Src\EzDbEf\EzDbEf.csproj", "{D5E0CB45-74F4-4806-8F0A-364149BB061C}"
EndProject
Global
	GlobalSection(SolutionConfigurationPlatforms) = preSolution
		Debug|Any CPU = Debug|Any CPU
		Release|Any CPU = Release|Any CPU
	EndGlobalSection
	GlobalSection(ProjectConfigurationPlatforms) = postSolution
		{D5E0CB45-74F4-4806-8F0A-364149BB061C}.Debug|Any CPU.ActiveCfg = Debug|Any CPU
		{D5E0CB45-74F4-4806-8F0A-364149BB061C}.Debug|Any CPU.Build.0 = Debug|Any CPU
		{D5E0CB45-74F4-4806-8F0A-364149BB061C}.Release|Any CPU.ActiveCfg = Release|Any CPU
		{D5E0CB45-74F4-4806-8F0A-364149BB061C}.Release|Any CPU.Build.0 = Release|Any CPU
	EndGlobalSection
EndGlobal
